
Microsoft Visual Studio Solution File, Format Version 12.00
# Visual Studio Version 16
VisualStudioVersion = 16.0.29418.71
MinimumVisualStudioVersion = 10.0.40219.1
Project("{FAE04EC0-301F-11D3-BF4B-00C04F79EFBC}") = "FinancePortfolioDatabase", "FinancePortfolioDatabase\FinancePortfolioDatabase.csproj", "{7531F889-34E2-4D3D-994D-38EBF4FA9249}"
EndProject
Project("{9A19103F-16F7-4668-BE54-9A1E7A4F7556}") = "PAD_UnitTests", "PAD_UnitTests\PAD_UnitTests.csproj", "{709294DA-0BBE-4ACD-9C5E-29773FD18735}"
EndProject
Global
	GlobalSection(SolutionConfigurationPlatforms) = preSolution
		Debug|Any CPU = Debug|Any CPU
		Release|Any CPU = Release|Any CPU
	EndGlobalSection
	GlobalSection(ProjectConfigurationPlatforms) = postSolution
		{7531F889-34E2-4D3D-994D-38EBF4FA9249}.Debug|Any CPU.ActiveCfg = Debug|Any CPU
		{7531F889-34E2-4D3D-994D-38EBF4FA9249}.Debug|Any CPU.Build.0 = Debug|Any CPU
		{7531F889-34E2-4D3D-994D-38EBF4FA9249}.Release|Any CPU.ActiveCfg = Release|Any CPU
		{7531F889-34E2-4D3D-994D-38EBF4FA9249}.Release|Any CPU.Build.0 = Release|Any CPU
		{709294DA-0BBE-4ACD-9C5E-29773FD18735}.Debug|Any CPU.ActiveCfg = Debug|Any CPU
		{709294DA-0BBE-4ACD-9C5E-29773FD18735}.Debug|Any CPU.Build.0 = Debug|Any CPU
		{709294DA-0BBE-4ACD-9C5E-29773FD18735}.Release|Any CPU.ActiveCfg = Release|Any CPU
		{709294DA-0BBE-4ACD-9C5E-29773FD18735}.Release|Any CPU.Build.0 = Release|Any CPU
	EndGlobalSection
	GlobalSection(SolutionProperties) = preSolution
		HideSolutionNode = FALSE
	EndGlobalSection
	GlobalSection(ExtensibilityGlobals) = postSolution
		SolutionGuid = {93C86412-6CF8-4AE6-823D-068DDC6A6B87}
	EndGlobalSection
EndGlobal
