{
  "name": "PortfolioDatabase",
  "lockfileVersion": 3,
  "requires": true,
  "packages": {
    "": {
      "devDependencies": {
        "git-cliff": "^1.4.0"
      }
    },
    "node_modules/git-cliff": {
      "version": "1.4.0",
      "resolved": "https://registry.npmjs.org/git-cliff/-/git-cliff-1.4.0.tgz",
      "integrity": "sha512-BLHYp/BD5jfOoPA3B6Ht1s1rJxtPcpmgyjQFZSFP53AdjVyfI2kwk7aVmxEfd1RQsBHRBVfPyJ+PNVghsfo3Yg==",
      "dev": true,
      "bin": {
        "git-cliff": "lib/index.js"
      },
      "optionalDependencies": {
        "git-cliff-darwin-arm64": "1.4.0",
        "git-cliff-darwin-x64": "1.4.0",
        "git-cliff-linux-arm64": "1.4.0",
        "git-cliff-linux-x64": "1.4.0",
        "git-cliff-windows-arm64": "1.4.0",
        "git-cliff-windows-x64": "1.4.0"
      }
    },
    "node_modules/git-cliff-darwin-arm64": {
      "version": "1.4.0",
      "resolved": "https://registry.npmjs.org/git-cliff-darwin-arm64/-/git-cliff-darwin-arm64-1.4.0.tgz",
      "integrity": "sha512-QCCvi+gIP+2KXWBzCccIDF2GCNbpm9RND7HbDmU79uKP9Qp070ZSYxlqifph6bUxFFw7dRwlVHiKxyUADwnxSQ==",
      "cpu": [
        "arm64"
      ],
      "dev": true,
      "optional": true,
      "os": [
        "darwin"
      ]
    },
    "node_modules/git-cliff-darwin-x64": {
      "version": "1.4.0",
      "resolved": "https://registry.npmjs.org/git-cliff-darwin-x64/-/git-cliff-darwin-x64-1.4.0.tgz",
      "integrity": "sha512-9b+y3vC4J4G3X9ndNj0s8YiKV1IBux7yU5mDMZhcUA7g9gveoPo+eZZLyPl6+KHxoOE7GCgfHFIhhC+zwh/oWQ==",
      "cpu": [
        "x64"
      ],
      "dev": true,
      "optional": true,
      "os": [
        "darwin"
      ]
    },
    "node_modules/git-cliff-linux-arm64": {
      "version": "1.4.0",
      "resolved": "https://registry.npmjs.org/git-cliff-linux-arm64/-/git-cliff-linux-arm64-1.4.0.tgz",
      "integrity": "sha512-caUW7eIkAXZKjzFgQKMlFia+9zkgjPPtnzXeZwkXjtDaSACbzqss+AvaxZUEVy+xfj14+RHOFTn6WCpQJ1NbGw==",
      "cpu": [
        "arm64"
      ],
      "dev": true,
      "optional": true,
      "os": [
        "linux"
      ]
    },
    "node_modules/git-cliff-linux-x64": {
      "version": "1.4.0",
      "resolved": "https://registry.npmjs.org/git-cliff-linux-x64/-/git-cliff-linux-x64-1.4.0.tgz",
      "integrity": "sha512-9HNuziC2ZsM1z1xrq+pRfFiH3LSdEwK1QyW/vngJP/f4GlO5Zm3tBX4n7Y+8yLUcyYMezKsR+rPF9MRmIswpgQ==",
      "cpu": [
        "x64"
      ],
      "dev": true,
      "optional": true,
      "os": [
        "linux"
      ]
    },
    "node_modules/git-cliff-windows-arm64": {
      "version": "1.4.0",
      "resolved": "https://registry.npmjs.org/git-cliff-windows-arm64/-/git-cliff-windows-arm64-1.4.0.tgz",
      "integrity": "sha512-J0E/74+xowQfuLHHIB3KP6eFp+V39nhPVuAgNLnrLY28Yvqn8AGKCidQStisfjMS2Ot/a7yKFv1JwW/bR0lQjA==",
      "cpu": [
        "arm64"
      ],
      "dev": true,
      "optional": true,
      "os": [
        "win32"
      ]
    },
    "node_modules/git-cliff-windows-x64": {
      "version": "1.4.0",
      "resolved": "https://registry.npmjs.org/git-cliff-windows-x64/-/git-cliff-windows-x64-1.4.0.tgz",
      "integrity": "sha512-w/mOm00QEuu4VPkmJsyaSlaJtjo6kgvb9v7n81eZSj3SnpTRQzNXTjB1JzKavgqnJ6JnAQiypRmPwC1FsCyiFA==",
      "cpu": [
        "x64"
      ],
      "dev": true,
      "optional": true,
      "os": [
        "win32"
      ]
    }
  }
}
